
Microsoft Visual Studio Solution File, Format Version 12.00
# Visual Studio Version 17
VisualStudioVersion = 17.0.31903.59
MinimumVisualStudioVersion = 10.0.40219.1
Project("{2150E333-8FDC-42A3-9474-1A3956D46DE8}") = "src", "src", "{32FDAD65-B50E-4054-B334-29D408A3BA2C}"
EndProject
Project("{FAE04EC0-301F-11D3-BF4B-00C04F79EFBC}") = "IdentityServer", "src\IdentityServer\IdentityServer.csproj", "{A2D724F3-DE41-4A56-A295-FBFCE46E2C1A}"
EndProject
Project("{FAE04EC0-301F-11D3-BF4B-00C04F79EFBC}") = "WebClient", "src\WebClient\WebClient.csproj", "{C5A743F2-ADF7-4CF6-B040-6DA91BC07699}"
EndProject
Project("{FAE04EC0-301F-11D3-BF4B-00C04F79EFBC}") = "WebShop", "src\WebShop\WebShop.csproj", "{FF652748-D258-46B1-AC17-B3D4561E1741}"
EndProject
Project("{FAE04EC0-301F-11D3-BF4B-00C04F79EFBC}") = "CRM", "src\CRM\CRM.csproj", "{74269278-C71B-4EE1-BD47-569785C8CE1D}"
EndProject
Global
	GlobalSection(SolutionConfigurationPlatforms) = preSolution
		Debug|Any CPU = Debug|Any CPU
		Release|Any CPU = Release|Any CPU
	EndGlobalSection
	GlobalSection(SolutionProperties) = preSolution
		HideSolutionNode = FALSE
	EndGlobalSection
	GlobalSection(ProjectConfigurationPlatforms) = postSolution
		{A2D724F3-DE41-4A56-A295-FBFCE46E2C1A}.Debug|Any CPU.ActiveCfg = Debug|Any CPU
		{A2D724F3-DE41-4A56-A295-FBFCE46E2C1A}.Debug|Any CPU.Build.0 = Debug|Any CPU
		{A2D724F3-DE41-4A56-A295-FBFCE46E2C1A}.Release|Any CPU.ActiveCfg = Release|Any CPU
		{A2D724F3-DE41-4A56-A295-FBFCE46E2C1A}.Release|Any CPU.Build.0 = Release|Any CPU
		{C5A743F2-ADF7-4CF6-B040-6DA91BC07699}.Debug|Any CPU.ActiveCfg = Debug|Any CPU
		{C5A743F2-ADF7-4CF6-B040-6DA91BC07699}.Debug|Any CPU.Build.0 = Debug|Any CPU
		{C5A743F2-ADF7-4CF6-B040-6DA91BC07699}.Release|Any CPU.ActiveCfg = Release|Any CPU
		{C5A743F2-ADF7-4CF6-B040-6DA91BC07699}.Release|Any CPU.Build.0 = Release|Any CPU
		{FF652748-D258-46B1-AC17-B3D4561E1741}.Debug|Any CPU.ActiveCfg = Debug|Any CPU
		{FF652748-D258-46B1-AC17-B3D4561E1741}.Debug|Any CPU.Build.0 = Debug|Any CPU
		{FF652748-D258-46B1-AC17-B3D4561E1741}.Release|Any CPU.ActiveCfg = Release|Any CPU
		{FF652748-D258-46B1-AC17-B3D4561E1741}.Release|Any CPU.Build.0 = Release|Any CPU
		{74269278-C71B-4EE1-BD47-569785C8CE1D}.Debug|Any CPU.ActiveCfg = Debug|Any CPU
		{74269278-C71B-4EE1-BD47-569785C8CE1D}.Debug|Any CPU.Build.0 = Debug|Any CPU
		{74269278-C71B-4EE1-BD47-569785C8CE1D}.Release|Any CPU.ActiveCfg = Release|Any CPU
		{74269278-C71B-4EE1-BD47-569785C8CE1D}.Release|Any CPU.Build.0 = Release|Any CPU
	EndGlobalSection
	GlobalSection(NestedProjects) = preSolution
		{A2D724F3-DE41-4A56-A295-FBFCE46E2C1A} = {32FDAD65-B50E-4054-B334-29D408A3BA2C}
		{C5A743F2-ADF7-4CF6-B040-6DA91BC07699} = {32FDAD65-B50E-4054-B334-29D408A3BA2C}
		{FF652748-D258-46B1-AC17-B3D4561E1741} = {32FDAD65-B50E-4054-B334-29D408A3BA2C}
		{74269278-C71B-4EE1-BD47-569785C8CE1D} = {32FDAD65-B50E-4054-B334-29D408A3BA2C}
	EndGlobalSection
EndGlobal
